// !$*UTF8*$!
{
	archiveVersion = 1;
	classes = {
	};
	objectVersion = 56;
	objects = {

/* Begin PBXBuildFile section */
		2677D0E72C69885800115565 /* EditSession.swift in Sources */ = {isa = PBXBuildFile; fileRef = 2677D0E12C69885800115565 /* EditSession.swift */; };
		2677D0E82C69885800115565 /* Items.swift in Sources */ = {isa = PBXBuildFile; fileRef = 2677D0E22C69885800115565 /* Items.swift */; };
		2677D0E92C69885800115565 /* SessionUtilties.swift in Sources */ = {isa = PBXBuildFile; fileRef = 2677D0E42C69885800115565 /* SessionUtilties.swift */; };
		2677D0ED2C70FDAB00115565 /* TestEditingAPIs.swift in Sources */ = {isa = PBXBuildFile; fileRef = 2677D0EC2C70FDAB00115565 /* TestEditingAPIs.swift */; };
		2677D0FF2C70FF9800115565 /* pic_15.jpg in Resources */ = {isa = PBXBuildFile; fileRef = 2677D0EE2C70FF9800115565 /* pic_15.jpg */; };
		2677D1002C70FF9800115565 /* pic_15.jpg in Resources */ = {isa = PBXBuildFile; fileRef = 2677D0EE2C70FF9800115565 /* pic_15.jpg */; };
		2677D1012C70FF9800115565 /* pic_15.jpg in Resources */ = {isa = PBXBuildFile; fileRef = 2677D0EE2C70FF9800115565 /* pic_15.jpg */; };
		2677D1022C70FF9800115565 /* pic_9.jpg in Resources */ = {isa = PBXBuildFile; fileRef = 2677D0EF2C70FF9800115565 /* pic_9.jpg */; };
		2677D1032C70FF9800115565 /* pic_9.jpg in Resources */ = {isa = PBXBuildFile; fileRef = 2677D0EF2C70FF9800115565 /* pic_9.jpg */; };
		2677D1042C70FF9800115565 /* pic_9.jpg in Resources */ = {isa = PBXBuildFile; fileRef = 2677D0EF2C70FF9800115565 /* pic_9.jpg */; };
		2677D1052C70FF9800115565 /* pic_13.jpg in Resources */ = {isa = PBXBuildFile; fileRef = 2677D0F02C70FF9800115565 /* pic_13.jpg */; };
		2677D1062C70FF9800115565 /* pic_13.jpg in Resources */ = {isa = PBXBuildFile; fileRef = 2677D0F02C70FF9800115565 /* pic_13.jpg */; };
		2677D1072C70FF9800115565 /* pic_13.jpg in Resources */ = {isa = PBXBuildFile; fileRef = 2677D0F02C70FF9800115565 /* pic_13.jpg */; };
		2677D1082C70FF9800115565 /* pic_7.jpg in Resources */ = {isa = PBXBuildFile; fileRef = 2677D0F12C70FF9800115565 /* pic_7.jpg */; };
		2677D1092C70FF9800115565 /* pic_7.jpg in Resources */ = {isa = PBXBuildFile; fileRef = 2677D0F12C70FF9800115565 /* pic_7.jpg */; };
		2677D10A2C70FF9800115565 /* pic_7.jpg in Resources */ = {isa = PBXBuildFile; fileRef = 2677D0F12C70FF9800115565 /* pic_7.jpg */; };
		2677D10B2C70FF9800115565 /* pic_1.jpg in Resources */ = {isa = PBXBuildFile; fileRef = 2677D0F22C70FF9800115565 /* pic_1.jpg */; };
		2677D10C2C70FF9800115565 /* pic_1.jpg in Resources */ = {isa = PBXBuildFile; fileRef = 2677D0F22C70FF9800115565 /* pic_1.jpg */; };
		2677D10D2C70FF9800115565 /* pic_1.jpg in Resources */ = {isa = PBXBuildFile; fileRef = 2677D0F22C70FF9800115565 /* pic_1.jpg */; };
		2677D10E2C70FF9800115565 /* pic_16.jpg in Resources */ = {isa = PBXBuildFile; fileRef = 2677D0F32C70FF9800115565 /* pic_16.jpg */; };
		2677D10F2C70FF9800115565 /* pic_16.jpg in Resources */ = {isa = PBXBuildFile; fileRef = 2677D0F32C70FF9800115565 /* pic_16.jpg */; };
		2677D1102C70FF9800115565 /* pic_16.jpg in Resources */ = {isa = PBXBuildFile; fileRef = 2677D0F32C70FF9800115565 /* pic_16.jpg */; };
		2677D1112C70FF9800115565 /* pic_11.jpg in Resources */ = {isa = PBXBuildFile; fileRef = 2677D0F42C70FF9800115565 /* pic_11.jpg */; };
		2677D1122C70FF9800115565 /* pic_11.jpg in Resources */ = {isa = PBXBuildFile; fileRef = 2677D0F42C70FF9800115565 /* pic_11.jpg */; };
		2677D1132C70FF9800115565 /* pic_11.jpg in Resources */ = {isa = PBXBuildFile; fileRef = 2677D0F42C70FF9800115565 /* pic_11.jpg */; };
		2677D1142C70FF9800115565 /* pic_14.jpg in Resources */ = {isa = PBXBuildFile; fileRef = 2677D0F52C70FF9800115565 /* pic_14.jpg */; };
		2677D1152C70FF9800115565 /* pic_14.jpg in Resources */ = {isa = PBXBuildFile; fileRef = 2677D0F52C70FF9800115565 /* pic_14.jpg */; };
		2677D1162C70FF9800115565 /* pic_14.jpg in Resources */ = {isa = PBXBuildFile; fileRef = 2677D0F52C70FF9800115565 /* pic_14.jpg */; };
		2677D1172C70FF9800115565 /* pic_4.jpg in Resources */ = {isa = PBXBuildFile; fileRef = 2677D0F62C70FF9800115565 /* pic_4.jpg */; };
		2677D1182C70FF9800115565 /* pic_4.jpg in Resources */ = {isa = PBXBuildFile; fileRef = 2677D0F62C70FF9800115565 /* pic_4.jpg */; };
		2677D1192C70FF9800115565 /* pic_4.jpg in Resources */ = {isa = PBXBuildFile; fileRef = 2677D0F62C70FF9800115565 /* pic_4.jpg */; };
		2677D11A2C70FF9800115565 /* pic_17.jpg in Resources */ = {isa = PBXBuildFile; fileRef = 2677D0F72C70FF9800115565 /* pic_17.jpg */; };
		2677D11B2C70FF9800115565 /* pic_17.jpg in Resources */ = {isa = PBXBuildFile; fileRef = 2677D0F72C70FF9800115565 /* pic_17.jpg */; };
		2677D11C2C70FF9800115565 /* pic_17.jpg in Resources */ = {isa = PBXBuildFile; fileRef = 2677D0F72C70FF9800115565 /* pic_17.jpg */; };
		2677D11D2C70FF9800115565 /* pic_8.jpg in Resources */ = {isa = PBXBuildFile; fileRef = 2677D0F82C70FF9800115565 /* pic_8.jpg */; };
		2677D11E2C70FF9800115565 /* pic_8.jpg in Resources */ = {isa = PBXBuildFile; fileRef = 2677D0F82C70FF9800115565 /* pic_8.jpg */; };
		2677D11F2C70FF9800115565 /* pic_8.jpg in Resources */ = {isa = PBXBuildFile; fileRef = 2677D0F82C70FF9800115565 /* pic_8.jpg */; };
		2677D1202C70FF9800115565 /* pic_12.jpg in Resources */ = {isa = PBXBuildFile; fileRef = 2677D0F92C70FF9800115565 /* pic_12.jpg */; };
		2677D1212C70FF9800115565 /* pic_12.jpg in Resources */ = {isa = PBXBuildFile; fileRef = 2677D0F92C70FF9800115565 /* pic_12.jpg */; };
		2677D1222C70FF9800115565 /* pic_12.jpg in Resources */ = {isa = PBXBuildFile; fileRef = 2677D0F92C70FF9800115565 /* pic_12.jpg */; };
		2677D1232C70FF9800115565 /* pic_10.jpg in Resources */ = {isa = PBXBuildFile; fileRef = 2677D0FA2C70FF9800115565 /* pic_10.jpg */; };
		2677D1242C70FF9800115565 /* pic_10.jpg in Resources */ = {isa = PBXBuildFile; fileRef = 2677D0FA2C70FF9800115565 /* pic_10.jpg */; };
		2677D1252C70FF9800115565 /* pic_10.jpg in Resources */ = {isa = PBXBuildFile; fileRef = 2677D0FA2C70FF9800115565 /* pic_10.jpg */; };
		2677D1262C70FF9800115565 /* pic_5.jpg in Resources */ = {isa = PBXBuildFile; fileRef = 2677D0FB2C70FF9800115565 /* pic_5.jpg */; };
		2677D1272C70FF9800115565 /* pic_5.jpg in Resources */ = {isa = PBXBuildFile; fileRef = 2677D0FB2C70FF9800115565 /* pic_5.jpg */; };
		2677D1282C70FF9800115565 /* pic_5.jpg in Resources */ = {isa = PBXBuildFile; fileRef = 2677D0FB2C70FF9800115565 /* pic_5.jpg */; };
		2677D1292C70FF9800115565 /* pic_2.jpg in Resources */ = {isa = PBXBuildFile; fileRef = 2677D0FC2C70FF9800115565 /* pic_2.jpg */; };
		2677D12A2C70FF9800115565 /* pic_2.jpg in Resources */ = {isa = PBXBuildFile; fileRef = 2677D0FC2C70FF9800115565 /* pic_2.jpg */; };
		2677D12B2C70FF9800115565 /* pic_2.jpg in Resources */ = {isa = PBXBuildFile; fileRef = 2677D0FC2C70FF9800115565 /* pic_2.jpg */; };
		2677D12C2C70FF9800115565 /* pic_3.jpg in Resources */ = {isa = PBXBuildFile; fileRef = 2677D0FD2C70FF9800115565 /* pic_3.jpg */; };
		2677D12D2C70FF9800115565 /* pic_3.jpg in Resources */ = {isa = PBXBuildFile; fileRef = 2677D0FD2C70FF9800115565 /* pic_3.jpg */; };
		2677D12E2C70FF9800115565 /* pic_3.jpg in Resources */ = {isa = PBXBuildFile; fileRef = 2677D0FD2C70FF9800115565 /* pic_3.jpg */; };
		2677D12F2C70FF9800115565 /* pic_6.jpg in Resources */ = {isa = PBXBuildFile; fileRef = 2677D0FE2C70FF9800115565 /* pic_6.jpg */; };
		2677D1302C70FF9800115565 /* pic_6.jpg in Resources */ = {isa = PBXBuildFile; fileRef = 2677D0FE2C70FF9800115565 /* pic_6.jpg */; };
		2677D1312C70FF9800115565 /* pic_6.jpg in Resources */ = {isa = PBXBuildFile; fileRef = 2677D0FE2C70FF9800115565 /* pic_6.jpg */; };
		26CC87CE2C7262DB0025A134 /* CustomVideoCompositor.swift in Sources */ = {isa = PBXBuildFile; fileRef = 26CC87CD2C7262DB0025A134 /* CustomVideoCompositor.swift */; };
		26CC87D02C7266500025A134 /* CustomTransitionTest.swift in Sources */ = {isa = PBXBuildFile; fileRef = 26CC87CF2C7266500025A134 /* CustomTransitionTest.swift */; };
		B64C6D592C5C4D6000BD1883 /* VEUtil.swift in Sources */ = {isa = PBXBuildFile; fileRef = B64C6D582C5C4D6000BD1883 /* VEUtil.swift */; };
		B679F18A2C7FD1DB00A061C8 /* Extension.swift in Sources */ = {isa = PBXBuildFile; fileRef = B679F1892C7FD1DB00A061C8 /* Extension.swift */; };
		B6A0F83B2C5DA476009741EF /* Love Paradise.mp3 in Resources */ = {isa = PBXBuildFile; fileRef = B6A0F83A2C5DA476009741EF /* Love Paradise.mp3 */; };
		B6A0F83D2C5DA48F009741EF /* Saddle of My Heart.mp3 in Resources */ = {isa = PBXBuildFile; fileRef = B6A0F83C2C5DA48F009741EF /* Saddle of My Heart.mp3 */; };
		B6B5D09B2C580FD600D2FA37 /* VideoEditorApp.swift in Sources */ = {isa = PBXBuildFile; fileRef = B6B5D09A2C580FD600D2FA37 /* VideoEditorApp.swift */; };
		B6B5D09D2C580FD600D2FA37 /* ContentView.swift in Sources */ = {isa = PBXBuildFile; fileRef = B6B5D09C2C580FD600D2FA37 /* ContentView.swift */; };
		B6B5D09F2C580FD600D2FA37 /* Item.swift in Sources */ = {isa = PBXBuildFile; fileRef = B6B5D09E2C580FD600D2FA37 /* Item.swift */; };
		B6B5D0A12C580FD700D2FA37 /* Assets.xcassets in Resources */ = {isa = PBXBuildFile; fileRef = B6B5D0A02C580FD700D2FA37 /* Assets.xcassets */; };
		B6B5D0A42C580FD700D2FA37 /* Preview Assets.xcassets in Resources */ = {isa = PBXBuildFile; fileRef = B6B5D0A32C580FD700D2FA37 /* Preview Assets.xcassets */; };
		B6B5D0AE2C580FD700D2FA37 /* VideoEditorTests.swift in Sources */ = {isa = PBXBuildFile; fileRef = B6B5D0AD2C580FD700D2FA37 /* VideoEditorTests.swift */; };
		B6B5D0B82C580FD700D2FA37 /* VideoEditorUITests.swift in Sources */ = {isa = PBXBuildFile; fileRef = B6B5D0B72C580FD700D2FA37 /* VideoEditorUITests.swift */; };
		B6B5D0BA2C580FD700D2FA37 /* VideoEditorUITestsLaunchTests.swift in Sources */ = {isa = PBXBuildFile; fileRef = B6B5D0B92C580FD700D2FA37 /* VideoEditorUITestsLaunchTests.swift */; };
		B6B5D0C82C5816B900D2FA37 /* VideoEditView.swift in Sources */ = {isa = PBXBuildFile; fileRef = B6B5D0C72C5816B900D2FA37 /* VideoEditView.swift */; };
		B6B5D0CA2C584BF500D2FA37 /* PhotoPicker.swift in Sources */ = {isa = PBXBuildFile; fileRef = B6B5D0C92C584BF500D2FA37 /* PhotoPicker.swift */; };
		B6B5D0CC2C585F1700D2FA37 /* VideoPlayerView.swift in Sources */ = {isa = PBXBuildFile; fileRef = B6B5D0CB2C585F1700D2FA37 /* VideoPlayerView.swift */; };
		B6C489162C75190C0043209A /* EditorToolView.swift in Sources */ = {isa = PBXBuildFile; fileRef = B6C489152C75190C0043209A /* EditorToolView.swift */; };
		B6E44C2E2C7951C300A5B59C /* FileManager.swift in Sources */ = {isa = PBXBuildFile; fileRef = B6E44C2D2C7951C300A5B59C /* FileManager.swift */; };
		B6EE59122C7D4333006E66B4 /* SwiftyJSON in Frameworks */ = {isa = PBXBuildFile; productRef = B6EE59112C7D4333006E66B4 /* SwiftyJSON */; };
		B6EE59142C7D4398006E66B4 /* SwiftyJSON in Frameworks */ = {isa = PBXBuildFile; productRef = B6EE59132C7D4398006E66B4 /* SwiftyJSON */; };
		B6EE59162C7D43AD006E66B4 /* SwiftyJSON in Frameworks */ = {isa = PBXBuildFile; productRef = B6EE59152C7D43AD006E66B4 /* SwiftyJSON */; };
/* End PBXBuildFile section */

/* Begin PBXContainerItemProxy section */
		B6B5D0AA2C580FD700D2FA37 /* PBXContainerItemProxy */ = {
			isa = PBXContainerItemProxy;
			containerPortal = B6B5D08F2C580FD600D2FA37 /* Project object */;
			proxyType = 1;
			remoteGlobalIDString = B6B5D0962C580FD600D2FA37;
			remoteInfo = VideoEditor;
		};
		B6B5D0B42C580FD700D2FA37 /* PBXContainerItemProxy */ = {
			isa = PBXContainerItemProxy;
			containerPortal = B6B5D08F2C580FD600D2FA37 /* Project object */;
			proxyType = 1;
			remoteGlobalIDString = B6B5D0962C580FD600D2FA37;
			remoteInfo = VideoEditor;
		};
/* End PBXContainerItemProxy section */

/* Begin PBXFileReference section */
		2677D0E12C69885800115565 /* EditSession.swift */ = {isa = PBXFileReference; fileEncoding = 4; lastKnownFileType = sourcecode.swift; path = EditSession.swift; sourceTree = "<group>"; };
		2677D0E22C69885800115565 /* Items.swift */ = {isa = PBXFileReference; fileEncoding = 4; lastKnownFileType = sourcecode.swift; path = Items.swift; sourceTree = "<group>"; };
		2677D0E42C69885800115565 /* SessionUtilties.swift */ = {isa = PBXFileReference; fileEncoding = 4; lastKnownFileType = sourcecode.swift; path = SessionUtilties.swift; sourceTree = "<group>"; };
		2677D0EC2C70FDAB00115565 /* TestEditingAPIs.swift */ = {isa = PBXFileReference; lastKnownFileType = sourcecode.swift; path = TestEditingAPIs.swift; sourceTree = "<group>"; };
		2677D0EE2C70FF9800115565 /* pic_15.jpg */ = {isa = PBXFileReference; lastKnownFileType = image.jpeg; path = pic_15.jpg; sourceTree = "<group>"; };
		2677D0EF2C70FF9800115565 /* pic_9.jpg */ = {isa = PBXFileReference; lastKnownFileType = image.jpeg; path = pic_9.jpg; sourceTree = "<group>"; };
		2677D0F02C70FF9800115565 /* pic_13.jpg */ = {isa = PBXFileReference; lastKnownFileType = image.jpeg; path = pic_13.jpg; sourceTree = "<group>"; };
		2677D0F12C70FF9800115565 /* pic_7.jpg */ = {isa = PBXFileReference; lastKnownFileType = image.jpeg; path = pic_7.jpg; sourceTree = "<group>"; };
		2677D0F22C70FF9800115565 /* pic_1.jpg */ = {isa = PBXFileReference; lastKnownFileType = image.jpeg; path = pic_1.jpg; sourceTree = "<group>"; };
		2677D0F32C70FF9800115565 /* pic_16.jpg */ = {isa = PBXFileReference; lastKnownFileType = image.jpeg; path = pic_16.jpg; sourceTree = "<group>"; };
		2677D0F42C70FF9800115565 /* pic_11.jpg */ = {isa = PBXFileReference; lastKnownFileType = image.jpeg; path = pic_11.jpg; sourceTree = "<group>"; };
		2677D0F52C70FF9800115565 /* pic_14.jpg */ = {isa = PBXFileReference; lastKnownFileType = image.jpeg; path = pic_14.jpg; sourceTree = "<group>"; };
		2677D0F62C70FF9800115565 /* pic_4.jpg */ = {isa = PBXFileReference; lastKnownFileType = image.jpeg; path = pic_4.jpg; sourceTree = "<group>"; };
		2677D0F72C70FF9800115565 /* pic_17.jpg */ = {isa = PBXFileReference; lastKnownFileType = image.jpeg; path = pic_17.jpg; sourceTree = "<group>"; };
		2677D0F82C70FF9800115565 /* pic_8.jpg */ = {isa = PBXFileReference; lastKnownFileType = image.jpeg; path = pic_8.jpg; sourceTree = "<group>"; };
		2677D0F92C70FF9800115565 /* pic_12.jpg */ = {isa = PBXFileReference; lastKnownFileType = image.jpeg; path = pic_12.jpg; sourceTree = "<group>"; };
		2677D0FA2C70FF9800115565 /* pic_10.jpg */ = {isa = PBXFileReference; lastKnownFileType = image.jpeg; path = pic_10.jpg; sourceTree = "<group>"; };
		2677D0FB2C70FF9800115565 /* pic_5.jpg */ = {isa = PBXFileReference; lastKnownFileType = image.jpeg; path = pic_5.jpg; sourceTree = "<group>"; };
		2677D0FC2C70FF9800115565 /* pic_2.jpg */ = {isa = PBXFileReference; lastKnownFileType = image.jpeg; path = pic_2.jpg; sourceTree = "<group>"; };
		2677D0FD2C70FF9800115565 /* pic_3.jpg */ = {isa = PBXFileReference; lastKnownFileType = image.jpeg; path = pic_3.jpg; sourceTree = "<group>"; };
		2677D0FE2C70FF9800115565 /* pic_6.jpg */ = {isa = PBXFileReference; lastKnownFileType = image.jpeg; path = pic_6.jpg; sourceTree = "<group>"; };
		26CC87CD2C7262DB0025A134 /* CustomVideoCompositor.swift */ = {isa = PBXFileReference; lastKnownFileType = sourcecode.swift; path = CustomVideoCompositor.swift; sourceTree = "<group>"; };
		26CC87CF2C7266500025A134 /* CustomTransitionTest.swift */ = {isa = PBXFileReference; lastKnownFileType = sourcecode.swift; path = CustomTransitionTest.swift; sourceTree = "<group>"; };
		B64C6D582C5C4D6000BD1883 /* VEUtil.swift */ = {isa = PBXFileReference; lastKnownFileType = sourcecode.swift; path = VEUtil.swift; sourceTree = "<group>"; };
		B679F1892C7FD1DB00A061C8 /* Extension.swift */ = {isa = PBXFileReference; lastKnownFileType = sourcecode.swift; path = Extension.swift; sourceTree = "<group>"; };
		B6A0F83A2C5DA476009741EF /* Love Paradise.mp3 */ = {isa = PBXFileReference; lastKnownFileType = audio.mp3; path = "Love Paradise.mp3"; sourceTree = "<group>"; };
		B6A0F83C2C5DA48F009741EF /* Saddle of My Heart.mp3 */ = {isa = PBXFileReference; lastKnownFileType = audio.mp3; path = "Saddle of My Heart.mp3"; sourceTree = "<group>"; };
		B6B5D0972C580FD600D2FA37 /* VideoEditor.app */ = {isa = PBXFileReference; explicitFileType = wrapper.application; includeInIndex = 0; path = VideoEditor.app; sourceTree = BUILT_PRODUCTS_DIR; };
		B6B5D09A2C580FD600D2FA37 /* VideoEditorApp.swift */ = {isa = PBXFileReference; lastKnownFileType = sourcecode.swift; path = VideoEditorApp.swift; sourceTree = "<group>"; };
		B6B5D09C2C580FD600D2FA37 /* ContentView.swift */ = {isa = PBXFileReference; lastKnownFileType = sourcecode.swift; path = ContentView.swift; sourceTree = "<group>"; };
		B6B5D09E2C580FD600D2FA37 /* Item.swift */ = {isa = PBXFileReference; lastKnownFileType = sourcecode.swift; path = Item.swift; sourceTree = "<group>"; };
		B6B5D0A02C580FD700D2FA37 /* Assets.xcassets */ = {isa = PBXFileReference; lastKnownFileType = folder.assetcatalog; path = Assets.xcassets; sourceTree = "<group>"; };
		B6B5D0A32C580FD700D2FA37 /* Preview Assets.xcassets */ = {isa = PBXFileReference; lastKnownFileType = folder.assetcatalog; path = "Preview Assets.xcassets"; sourceTree = "<group>"; };
		B6B5D0A92C580FD700D2FA37 /* VideoEditorTests.xctest */ = {isa = PBXFileReference; explicitFileType = wrapper.cfbundle; includeInIndex = 0; path = VideoEditorTests.xctest; sourceTree = BUILT_PRODUCTS_DIR; };
		B6B5D0AD2C580FD700D2FA37 /* VideoEditorTests.swift */ = {isa = PBXFileReference; lastKnownFileType = sourcecode.swift; path = VideoEditorTests.swift; sourceTree = "<group>"; };
		B6B5D0B32C580FD700D2FA37 /* VideoEditorUITests.xctest */ = {isa = PBXFileReference; explicitFileType = wrapper.cfbundle; includeInIndex = 0; path = VideoEditorUITests.xctest; sourceTree = BUILT_PRODUCTS_DIR; };
		B6B5D0B72C580FD700D2FA37 /* VideoEditorUITests.swift */ = {isa = PBXFileReference; lastKnownFileType = sourcecode.swift; path = VideoEditorUITests.swift; sourceTree = "<group>"; };
		B6B5D0B92C580FD700D2FA37 /* VideoEditorUITestsLaunchTests.swift */ = {isa = PBXFileReference; lastKnownFileType = sourcecode.swift; path = VideoEditorUITestsLaunchTests.swift; sourceTree = "<group>"; };
		B6B5D0C72C5816B900D2FA37 /* VideoEditView.swift */ = {isa = PBXFileReference; lastKnownFileType = sourcecode.swift; path = VideoEditView.swift; sourceTree = "<group>"; };
		B6B5D0C92C584BF500D2FA37 /* PhotoPicker.swift */ = {isa = PBXFileReference; lastKnownFileType = sourcecode.swift; path = PhotoPicker.swift; sourceTree = "<group>"; };
		B6B5D0CB2C585F1700D2FA37 /* VideoPlayerView.swift */ = {isa = PBXFileReference; lastKnownFileType = sourcecode.swift; path = VideoPlayerView.swift; sourceTree = "<group>"; };
		B6C489152C75190C0043209A /* EditorToolView.swift */ = {isa = PBXFileReference; lastKnownFileType = sourcecode.swift; path = EditorToolView.swift; sourceTree = "<group>"; };
		B6E44C2D2C7951C300A5B59C /* FileManager.swift */ = {isa = PBXFileReference; lastKnownFileType = sourcecode.swift; path = FileManager.swift; sourceTree = "<group>"; };
/* End PBXFileReference section */

/* Begin PBXFrameworksBuildPhase section */
		B6B5D0942C580FD600D2FA37 /* Frameworks */ = {
			isa = PBXFrameworksBuildPhase;
			buildActionMask = 2147483647;
			files = (
				B6EE59122C7D4333006E66B4 /* SwiftyJSON in Frameworks */,
			);
			runOnlyForDeploymentPostprocessing = 0;
		};
		B6B5D0A62C580FD700D2FA37 /* Frameworks */ = {
			isa = PBXFrameworksBuildPhase;
			buildActionMask = 2147483647;
			files = (
				B6EE59142C7D4398006E66B4 /* SwiftyJSON in Frameworks */,
			);
			runOnlyForDeploymentPostprocessing = 0;
		};
		B6B5D0B02C580FD700D2FA37 /* Frameworks */ = {
			isa = PBXFrameworksBuildPhase;
			buildActionMask = 2147483647;
			files = (
				B6EE59162C7D43AD006E66B4 /* SwiftyJSON in Frameworks */,
			);
			runOnlyForDeploymentPostprocessing = 0;
		};
/* End PBXFrameworksBuildPhase section */

/* Begin PBXGroup section */
		2677D0E32C69885800115565 /* DataStructure */ = {
			isa = PBXGroup;
			children = (
				2677D0E12C69885800115565 /* EditSession.swift */,
				2677D0E22C69885800115565 /* Items.swift */,
				B6E44C2D2C7951C300A5B59C /* FileManager.swift */,
				B679F1892C7FD1DB00A061C8 /* Extension.swift */,
			);
			path = DataStructure;
			sourceTree = "<group>";
		};
		2677D0E52C69885800115565 /* Utilities */ = {
			isa = PBXGroup;
			children = (
				2677D0E42C69885800115565 /* SessionUtilties.swift */,
				26CC87CD2C7262DB0025A134 /* CustomVideoCompositor.swift */,
			);
			path = Utilities;
			sourceTree = "<group>";
		};
		2677D0E62C69885800115565 /* Editor */ = {
			isa = PBXGroup;
			children = (
				B6C489142C75189C0043209A /* EditorToolView */,
				2677D0E32C69885800115565 /* DataStructure */,
				2677D0E52C69885800115565 /* Utilities */,
			);
			path = Editor;
			sourceTree = "<group>";
		};
		B62385F12C6AD7CC00206B58 /* Images */ = {
			isa = PBXGroup;
			children = (
				2677D0F22C70FF9800115565 /* pic_1.jpg */,
				2677D0FC2C70FF9800115565 /* pic_2.jpg */,
				2677D0FD2C70FF9800115565 /* pic_3.jpg */,
				2677D0F62C70FF9800115565 /* pic_4.jpg */,
				2677D0FB2C70FF9800115565 /* pic_5.jpg */,
				2677D0FE2C70FF9800115565 /* pic_6.jpg */,
				2677D0F12C70FF9800115565 /* pic_7.jpg */,
				2677D0F82C70FF9800115565 /* pic_8.jpg */,
				2677D0EF2C70FF9800115565 /* pic_9.jpg */,
				2677D0FA2C70FF9800115565 /* pic_10.jpg */,
				2677D0F42C70FF9800115565 /* pic_11.jpg */,
				2677D0F92C70FF9800115565 /* pic_12.jpg */,
				2677D0F02C70FF9800115565 /* pic_13.jpg */,
				2677D0F52C70FF9800115565 /* pic_14.jpg */,
				2677D0EE2C70FF9800115565 /* pic_15.jpg */,
				2677D0F32C70FF9800115565 /* pic_16.jpg */,
				2677D0F72C70FF9800115565 /* pic_17.jpg */,
			);
			path = Images;
			sourceTree = "<group>";
		};
		B6A0F8392C5DA3F8009741EF /* AudioAssets */ = {
			isa = PBXGroup;
			children = (
				B6A0F83C2C5DA48F009741EF /* Saddle of My Heart.mp3 */,
				B6A0F83A2C5DA476009741EF /* Love Paradise.mp3 */,
			);
			path = AudioAssets;
			sourceTree = "<group>";
		};
		B6B5D08E2C580FD600D2FA37 = {
			isa = PBXGroup;
			children = (
				B6B5D0992C580FD600D2FA37 /* VideoEditor */,
				B6B5D0AC2C580FD700D2FA37 /* VideoEditorTests */,
				B6B5D0B62C580FD700D2FA37 /* VideoEditorUITests */,
				B6B5D0982C580FD600D2FA37 /* Products */,
			);
			sourceTree = "<group>";
		};
		B6B5D0982C580FD600D2FA37 /* Products */ = {
			isa = PBXGroup;
			children = (
				B6B5D0972C580FD600D2FA37 /* VideoEditor.app */,
				B6B5D0A92C580FD700D2FA37 /* VideoEditorTests.xctest */,
				B6B5D0B32C580FD700D2FA37 /* VideoEditorUITests.xctest */,
			);
			name = Products;
			sourceTree = "<group>";
		};
		B6B5D0992C580FD600D2FA37 /* VideoEditor */ = {
			isa = PBXGroup;
			children = (
				B62385F12C6AD7CC00206B58 /* Images */,
				B6A0F8392C5DA3F8009741EF /* AudioAssets */,
				B6B5D0C62C58166B00D2FA37 /* EditWorkSpace */,
				B6B5D09A2C580FD600D2FA37 /* VideoEditorApp.swift */,
				B6B5D09C2C580FD600D2FA37 /* ContentView.swift */,
				B6B5D09E2C580FD600D2FA37 /* Item.swift */,
				B6B5D0A02C580FD700D2FA37 /* Assets.xcassets */,
				B6B5D0A22C580FD700D2FA37 /* Preview Content */,
			);
			path = VideoEditor;
			sourceTree = "<group>";
		};
		B6B5D0A22C580FD700D2FA37 /* Preview Content */ = {
			isa = PBXGroup;
			children = (
				B6B5D0A32C580FD700D2FA37 /* Preview Assets.xcassets */,
			);
			path = "Preview Content";
			sourceTree = "<group>";
		};
		B6B5D0AC2C580FD700D2FA37 /* VideoEditorTests */ = {
			isa = PBXGroup;
			children = (
				B6B5D0AD2C580FD700D2FA37 /* VideoEditorTests.swift */,
				2677D0EC2C70FDAB00115565 /* TestEditingAPIs.swift */,
				26CC87CF2C7266500025A134 /* CustomTransitionTest.swift */,
			);
			path = VideoEditorTests;
			sourceTree = "<group>";
		};
		B6B5D0B62C580FD700D2FA37 /* VideoEditorUITests */ = {
			isa = PBXGroup;
			children = (
				B6B5D0B72C580FD700D2FA37 /* VideoEditorUITests.swift */,
				B6B5D0B92C580FD700D2FA37 /* VideoEditorUITestsLaunchTests.swift */,
			);
			path = VideoEditorUITests;
			sourceTree = "<group>";
		};
		B6B5D0C62C58166B00D2FA37 /* EditWorkSpace */ = {
			isa = PBXGroup;
			children = (
				2677D0E62C69885800115565 /* Editor */,
				B6B5D0C72C5816B900D2FA37 /* VideoEditView.swift */,
				B6B5D0C92C584BF500D2FA37 /* PhotoPicker.swift */,
				B6B5D0CB2C585F1700D2FA37 /* VideoPlayerView.swift */,
				B64C6D582C5C4D6000BD1883 /* VEUtil.swift */,
			);
			path = EditWorkSpace;
			sourceTree = "<group>";
		};
		B6C489142C75189C0043209A /* EditorToolView */ = {
			isa = PBXGroup;
			children = (
				B6C489152C75190C0043209A /* EditorToolView.swift */,
			);
			path = EditorToolView;
			sourceTree = "<group>";
		};
/* End PBXGroup section */

/* Begin PBXNativeTarget section */
		B6B5D0962C580FD600D2FA37 /* VideoEditor */ = {
			isa = PBXNativeTarget;
			buildConfigurationList = B6B5D0BD2C580FD700D2FA37 /* Build configuration list for PBXNativeTarget "VideoEditor" */;
			buildPhases = (
				B6B5D0932C580FD600D2FA37 /* Sources */,
				B6B5D0942C580FD600D2FA37 /* Frameworks */,
				B6B5D0952C580FD600D2FA37 /* Resources */,
			);
			buildRules = (
			);
			dependencies = (
			);
			name = VideoEditor;
			packageProductDependencies = (
				B6EE59112C7D4333006E66B4 /* SwiftyJSON */,
			);
			productName = VideoEditor;
			productReference = B6B5D0972C580FD600D2FA37 /* VideoEditor.app */;
			productType = "com.apple.product-type.application";
		};
		B6B5D0A82C580FD700D2FA37 /* VideoEditorTests */ = {
			isa = PBXNativeTarget;
			buildConfigurationList = B6B5D0C02C580FD700D2FA37 /* Build configuration list for PBXNativeTarget "VideoEditorTests" */;
			buildPhases = (
				B6B5D0A52C580FD700D2FA37 /* Sources */,
				B6B5D0A62C580FD700D2FA37 /* Frameworks */,
				B6B5D0A72C580FD700D2FA37 /* Resources */,
			);
			buildRules = (
			);
			dependencies = (
				B6B5D0AB2C580FD700D2FA37 /* PBXTargetDependency */,
			);
			name = VideoEditorTests;
			packageProductDependencies = (
				B6EE59132C7D4398006E66B4 /* SwiftyJSON */,
			);
			productName = VideoEditorTests;
			productReference = B6B5D0A92C580FD700D2FA37 /* VideoEditorTests.xctest */;
			productType = "com.apple.product-type.bundle.unit-test";
		};
		B6B5D0B22C580FD700D2FA37 /* VideoEditorUITests */ = {
			isa = PBXNativeTarget;
			buildConfigurationList = B6B5D0C32C580FD700D2FA37 /* Build configuration list for PBXNativeTarget "VideoEditorUITests" */;
			buildPhases = (
				B6B5D0AF2C580FD700D2FA37 /* Sources */,
				B6B5D0B02C580FD700D2FA37 /* Frameworks */,
				B6B5D0B12C580FD700D2FA37 /* Resources */,
			);
			buildRules = (
			);
			dependencies = (
				B6B5D0B52C580FD700D2FA37 /* PBXTargetDependency */,
			);
			name = VideoEditorUITests;
			packageProductDependencies = (
				B6EE59152C7D43AD006E66B4 /* SwiftyJSON */,
			);
			productName = VideoEditorUITests;
			productReference = B6B5D0B32C580FD700D2FA37 /* VideoEditorUITests.xctest */;
			productType = "com.apple.product-type.bundle.ui-testing";
		};
/* End PBXNativeTarget section */

/* Begin PBXProject section */
		B6B5D08F2C580FD600D2FA37 /* Project object */ = {
			isa = PBXProject;
			attributes = {
				BuildIndependentTargetsInParallel = 1;
				LastSwiftUpdateCheck = 1540;
				LastUpgradeCheck = 1540;
				TargetAttributes = {
					B6B5D0962C580FD600D2FA37 = {
						CreatedOnToolsVersion = 15.4;
					};
					B6B5D0A82C580FD700D2FA37 = {
						CreatedOnToolsVersion = 15.4;
						TestTargetID = B6B5D0962C580FD600D2FA37;
					};
					B6B5D0B22C580FD700D2FA37 = {
						CreatedOnToolsVersion = 15.4;
						TestTargetID = B6B5D0962C580FD600D2FA37;
					};
				};
			};
			buildConfigurationList = B6B5D0922C580FD600D2FA37 /* Build configuration list for PBXProject "VideoEditor" */;
			compatibilityVersion = "Xcode 14.0";
			developmentRegion = en;
			hasScannedForEncodings = 0;
			knownRegions = (
				en,
				Base,
			);
			mainGroup = B6B5D08E2C580FD600D2FA37;
			packageReferences = (
				B6EE590F2C7D3D06006E66B4 /* XCRemoteSwiftPackageReference "SwiftyJSON" */,
			);
			productRefGroup = B6B5D0982C580FD600D2FA37 /* Products */;
			projectDirPath = "";
			projectRoot = "";
			targets = (
				B6B5D0962C580FD600D2FA37 /* VideoEditor */,
				B6B5D0A82C580FD700D2FA37 /* VideoEditorTests */,
				B6B5D0B22C580FD700D2FA37 /* VideoEditorUITests */,
			);
		};
/* End PBXProject section */

/* Begin PBXResourcesBuildPhase section */
		B6B5D0952C580FD600D2FA37 /* Resources */ = {
			isa = PBXResourcesBuildPhase;
			buildActionMask = 2147483647;
			files = (
				2677D0FF2C70FF9800115565 /* pic_15.jpg in Resources */,
				2677D1052C70FF9800115565 /* pic_13.jpg in Resources */,
				2677D12C2C70FF9800115565 /* pic_3.jpg in Resources */,
				2677D11D2C70FF9800115565 /* pic_8.jpg in Resources */,
				2677D1172C70FF9800115565 /* pic_4.jpg in Resources */,
				2677D1082C70FF9800115565 /* pic_7.jpg in Resources */,
				2677D11A2C70FF9800115565 /* pic_17.jpg in Resources */,
				B6A0F83D2C5DA48F009741EF /* Saddle of My Heart.mp3 in Resources */,
				2677D1202C70FF9800115565 /* pic_12.jpg in Resources */,
				2677D1022C70FF9800115565 /* pic_9.jpg in Resources */,
				2677D1232C70FF9800115565 /* pic_10.jpg in Resources */,
				2677D1112C70FF9800115565 /* pic_11.jpg in Resources */,
				2677D10E2C70FF9800115565 /* pic_16.jpg in Resources */,
				2677D10B2C70FF9800115565 /* pic_1.jpg in Resources */,
				2677D1292C70FF9800115565 /* pic_2.jpg in Resources */,
				B6A0F83B2C5DA476009741EF /* Love Paradise.mp3 in Resources */,
				2677D1262C70FF9800115565 /* pic_5.jpg in Resources */,
				2677D12F2C70FF9800115565 /* pic_6.jpg in Resources */,
				2677D1142C70FF9800115565 /* pic_14.jpg in Resources */,
				B6B5D0A42C580FD700D2FA37 /* Preview Assets.xcassets in Resources */,
				B6B5D0A12C580FD700D2FA37 /* Assets.xcassets in Resources */,
			);
			runOnlyForDeploymentPostprocessing = 0;
		};
		B6B5D0A72C580FD700D2FA37 /* Resources */ = {
			isa = PBXResourcesBuildPhase;
			buildActionMask = 2147483647;
			files = (
				2677D11B2C70FF9800115565 /* pic_17.jpg in Resources */,
				2677D1032C70FF9800115565 /* pic_9.jpg in Resources */,
				2677D1152C70FF9800115565 /* pic_14.jpg in Resources */,
				2677D10F2C70FF9800115565 /* pic_16.jpg in Resources */,
				2677D10C2C70FF9800115565 /* pic_1.jpg in Resources */,
				2677D1122C70FF9800115565 /* pic_11.jpg in Resources */,
				2677D12D2C70FF9800115565 /* pic_3.jpg in Resources */,
				2677D1272C70FF9800115565 /* pic_5.jpg in Resources */,
				2677D1182C70FF9800115565 /* pic_4.jpg in Resources */,
				2677D1302C70FF9800115565 /* pic_6.jpg in Resources */,
				2677D1062C70FF9800115565 /* pic_13.jpg in Resources */,
				2677D1092C70FF9800115565 /* pic_7.jpg in Resources */,
				2677D11E2C70FF9800115565 /* pic_8.jpg in Resources */,
				2677D1002C70FF9800115565 /* pic_15.jpg in Resources */,
				2677D1212C70FF9800115565 /* pic_12.jpg in Resources */,
				2677D1242C70FF9800115565 /* pic_10.jpg in Resources */,
				2677D12A2C70FF9800115565 /* pic_2.jpg in Resources */,
			);
			runOnlyForDeploymentPostprocessing = 0;
		};
		B6B5D0B12C580FD700D2FA37 /* Resources */ = {
			isa = PBXResourcesBuildPhase;
			buildActionMask = 2147483647;
			files = (
				2677D11C2C70FF9800115565 /* pic_17.jpg in Resources */,
				2677D1042C70FF9800115565 /* pic_9.jpg in Resources */,
				2677D1162C70FF9800115565 /* pic_14.jpg in Resources */,
				2677D1102C70FF9800115565 /* pic_16.jpg in Resources */,
				2677D10D2C70FF9800115565 /* pic_1.jpg in Resources */,
				2677D1132C70FF9800115565 /* pic_11.jpg in Resources */,
				2677D12E2C70FF9800115565 /* pic_3.jpg in Resources */,
				2677D1282C70FF9800115565 /* pic_5.jpg in Resources */,
				2677D1192C70FF9800115565 /* pic_4.jpg in Resources */,
				2677D1312C70FF9800115565 /* pic_6.jpg in Resources */,
				2677D1072C70FF9800115565 /* pic_13.jpg in Resources */,
				2677D10A2C70FF9800115565 /* pic_7.jpg in Resources */,
				2677D11F2C70FF9800115565 /* pic_8.jpg in Resources */,
				2677D1012C70FF9800115565 /* pic_15.jpg in Resources */,
				2677D1222C70FF9800115565 /* pic_12.jpg in Resources */,
				2677D1252C70FF9800115565 /* pic_10.jpg in Resources */,
				2677D12B2C70FF9800115565 /* pic_2.jpg in Resources */,
			);
			runOnlyForDeploymentPostprocessing = 0;
		};
/* End PBXResourcesBuildPhase section */

/* Begin PBXSourcesBuildPhase section */
		B6B5D0932C580FD600D2FA37 /* Sources */ = {
			isa = PBXSourcesBuildPhase;
			buildActionMask = 2147483647;
			files = (
				B64C6D592C5C4D6000BD1883 /* VEUtil.swift in Sources */,
				B6B5D09D2C580FD600D2FA37 /* ContentView.swift in Sources */,
				B6B5D09F2C580FD600D2FA37 /* Item.swift in Sources */,
				B6B5D0C82C5816B900D2FA37 /* VideoEditView.swift in Sources */,
				2677D0E82C69885800115565 /* Items.swift in Sources */,
				B6B5D0CA2C584BF500D2FA37 /* PhotoPicker.swift in Sources */,
				B6B5D09B2C580FD600D2FA37 /* VideoEditorApp.swift in Sources */,
				B6C489162C75190C0043209A /* EditorToolView.swift in Sources */,
				B6E44C2E2C7951C300A5B59C /* FileManager.swift in Sources */,
				B679F18A2C7FD1DB00A061C8 /* Extension.swift in Sources */,
				2677D0E72C69885800115565 /* EditSession.swift in Sources */,
				B6B5D0CC2C585F1700D2FA37 /* VideoPlayerView.swift in Sources */,
				2677D0E92C69885800115565 /* SessionUtilties.swift in Sources */,
				26CC87CE2C7262DB0025A134 /* CustomVideoCompositor.swift in Sources */,
			);
			runOnlyForDeploymentPostprocessing = 0;
		};
		B6B5D0A52C580FD700D2FA37 /* Sources */ = {
			isa = PBXSourcesBuildPhase;
			buildActionMask = 2147483647;
			files = (
				B6B5D0AE2C580FD700D2FA37 /* VideoEditorTests.swift in Sources */,
				26CC87D02C7266500025A134 /* CustomTransitionTest.swift in Sources */,
				2677D0ED2C70FDAB00115565 /* TestEditingAPIs.swift in Sources */,
			);
			runOnlyForDeploymentPostprocessing = 0;
		};
		B6B5D0AF2C580FD700D2FA37 /* Sources */ = {
			isa = PBXSourcesBuildPhase;
			buildActionMask = 2147483647;
			files = (
				B6B5D0B82C580FD700D2FA37 /* VideoEditorUITests.swift in Sources */,
				B6B5D0BA2C580FD700D2FA37 /* VideoEditorUITestsLaunchTests.swift in Sources */,
			);
			runOnlyForDeploymentPostprocessing = 0;
		};
/* End PBXSourcesBuildPhase section */

/* Begin PBXTargetDependency section */
		B6B5D0AB2C580FD700D2FA37 /* PBXTargetDependency */ = {
			isa = PBXTargetDependency;
			target = B6B5D0962C580FD600D2FA37 /* VideoEditor */;
			targetProxy = B6B5D0AA2C580FD700D2FA37 /* PBXContainerItemProxy */;
		};
		B6B5D0B52C580FD700D2FA37 /* PBXTargetDependency */ = {
			isa = PBXTargetDependency;
			target = B6B5D0962C580FD600D2FA37 /* VideoEditor */;
			targetProxy = B6B5D0B42C580FD700D2FA37 /* PBXContainerItemProxy */;
		};
/* End PBXTargetDependency section */

/* Begin XCBuildConfiguration section */
		B6B5D0BB2C580FD700D2FA37 /* Debug */ = {
			isa = XCBuildConfiguration;
			buildSettings = {
				ALWAYS_SEARCH_USER_PATHS = NO;
				ASSETCATALOG_COMPILER_GENERATE_SWIFT_ASSET_SYMBOL_EXTENSIONS = YES;
				CLANG_ANALYZER_NONNULL = YES;
				CLANG_ANALYZER_NUMBER_OBJECT_CONVERSION = YES_AGGRESSIVE;
				CLANG_CXX_LANGUAGE_STANDARD = "gnu++20";
				CLANG_ENABLE_MODULES = YES;
				CLANG_ENABLE_OBJC_ARC = YES;
				CLANG_ENABLE_OBJC_WEAK = YES;
				CLANG_WARN_BLOCK_CAPTURE_AUTORELEASING = YES;
				CLANG_WARN_BOOL_CONVERSION = YES;
				CLANG_WARN_COMMA = YES;
				CLANG_WARN_CONSTANT_CONVERSION = YES;
				CLANG_WARN_DEPRECATED_OBJC_IMPLEMENTATIONS = YES;
				CLANG_WARN_DIRECT_OBJC_ISA_USAGE = YES_ERROR;
				CLANG_WARN_DOCUMENTATION_COMMENTS = YES;
				CLANG_WARN_EMPTY_BODY = YES;
				CLANG_WARN_ENUM_CONVERSION = YES;
				CLANG_WARN_INFINITE_RECURSION = YES;
				CLANG_WARN_INT_CONVERSION = YES;
				CLANG_WARN_NON_LITERAL_NULL_CONVERSION = YES;
				CLANG_WARN_OBJC_IMPLICIT_RETAIN_SELF = YES;
				CLANG_WARN_OBJC_LITERAL_CONVERSION = YES;
				CLANG_WARN_OBJC_ROOT_CLASS = YES_ERROR;
				CLANG_WARN_QUOTED_INCLUDE_IN_FRAMEWORK_HEADER = YES;
				CLANG_WARN_RANGE_LOOP_ANALYSIS = YES;
				CLANG_WARN_STRICT_PROTOTYPES = YES;
				CLANG_WARN_SUSPICIOUS_MOVE = YES;
				CLANG_WARN_UNGUARDED_AVAILABILITY = YES_AGGRESSIVE;
				CLANG_WARN_UNREACHABLE_CODE = YES;
				CLANG_WARN__DUPLICATE_METHOD_MATCH = YES;
				COPY_PHASE_STRIP = NO;
				DEBUG_INFORMATION_FORMAT = dwarf;
				ENABLE_STRICT_OBJC_MSGSEND = YES;
				ENABLE_TESTABILITY = YES;
				ENABLE_USER_SCRIPT_SANDBOXING = YES;
				GCC_C_LANGUAGE_STANDARD = gnu17;
				GCC_DYNAMIC_NO_PIC = NO;
				GCC_NO_COMMON_BLOCKS = YES;
				GCC_OPTIMIZATION_LEVEL = 0;
				GCC_PREPROCESSOR_DEFINITIONS = (
					"DEBUG=1",
					"$(inherited)",
				);
				GCC_WARN_64_TO_32_BIT_CONVERSION = YES;
				GCC_WARN_ABOUT_RETURN_TYPE = YES_ERROR;
				GCC_WARN_UNDECLARED_SELECTOR = YES;
				GCC_WARN_UNINITIALIZED_AUTOS = YES_AGGRESSIVE;
				GCC_WARN_UNUSED_FUNCTION = YES;
				GCC_WARN_UNUSED_VARIABLE = YES;
				IPHONEOS_DEPLOYMENT_TARGET = 17.5;
				LOCALIZATION_PREFERS_STRING_CATALOGS = YES;
				MTL_ENABLE_DEBUG_INFO = INCLUDE_SOURCE;
				MTL_FAST_MATH = YES;
				ONLY_ACTIVE_ARCH = YES;
				SDKROOT = iphoneos;
				SWIFT_ACTIVE_COMPILATION_CONDITIONS = "DEBUG $(inherited)";
				SWIFT_OPTIMIZATION_LEVEL = "-Onone";
			};
			name = Debug;
		};
		B6B5D0BC2C580FD700D2FA37 /* Release */ = {
			isa = XCBuildConfiguration;
			buildSettings = {
				ALWAYS_SEARCH_USER_PATHS = NO;
				ASSETCATALOG_COMPILER_GENERATE_SWIFT_ASSET_SYMBOL_EXTENSIONS = YES;
				CLANG_ANALYZER_NONNULL = YES;
				CLANG_ANALYZER_NUMBER_OBJECT_CONVERSION = YES_AGGRESSIVE;
				CLANG_CXX_LANGUAGE_STANDARD = "gnu++20";
				CLANG_ENABLE_MODULES = YES;
				CLANG_ENABLE_OBJC_ARC = YES;
				CLANG_ENABLE_OBJC_WEAK = YES;
				CLANG_WARN_BLOCK_CAPTURE_AUTORELEASING = YES;
				CLANG_WARN_BOOL_CONVERSION = YES;
				CLANG_WARN_COMMA = YES;
				CLANG_WARN_CONSTANT_CONVERSION = YES;
				CLANG_WARN_DEPRECATED_OBJC_IMPLEMENTATIONS = YES;
				CLANG_WARN_DIRECT_OBJC_ISA_USAGE = YES_ERROR;
				CLANG_WARN_DOCUMENTATION_COMMENTS = YES;
				CLANG_WARN_EMPTY_BODY = YES;
				CLANG_WARN_ENUM_CONVERSION = YES;
				CLANG_WARN_INFINITE_RECURSION = YES;
				CLANG_WARN_INT_CONVERSION = YES;
				CLANG_WARN_NON_LITERAL_NULL_CONVERSION = YES;
				CLANG_WARN_OBJC_IMPLICIT_RETAIN_SELF = YES;
				CLANG_WARN_OBJC_LITERAL_CONVERSION = YES;
				CLANG_WARN_OBJC_ROOT_CLASS = YES_ERROR;
				CLANG_WARN_QUOTED_INCLUDE_IN_FRAMEWORK_HEADER = YES;
				CLANG_WARN_RANGE_LOOP_ANALYSIS = YES;
				CLANG_WARN_STRICT_PROTOTYPES = YES;
				CLANG_WARN_SUSPICIOUS_MOVE = YES;
				CLANG_WARN_UNGUARDED_AVAILABILITY = YES_AGGRESSIVE;
				CLANG_WARN_UNREACHABLE_CODE = YES;
				CLANG_WARN__DUPLICATE_METHOD_MATCH = YES;
				COPY_PHASE_STRIP = NO;
				DEBUG_INFORMATION_FORMAT = "dwarf-with-dsym";
				ENABLE_NS_ASSERTIONS = NO;
				ENABLE_STRICT_OBJC_MSGSEND = YES;
				ENABLE_USER_SCRIPT_SANDBOXING = YES;
				GCC_C_LANGUAGE_STANDARD = gnu17;
				GCC_NO_COMMON_BLOCKS = YES;
				GCC_WARN_64_TO_32_BIT_CONVERSION = YES;
				GCC_WARN_ABOUT_RETURN_TYPE = YES_ERROR;
				GCC_WARN_UNDECLARED_SELECTOR = YES;
				GCC_WARN_UNINITIALIZED_AUTOS = YES_AGGRESSIVE;
				GCC_WARN_UNUSED_FUNCTION = YES;
				GCC_WARN_UNUSED_VARIABLE = YES;
				IPHONEOS_DEPLOYMENT_TARGET = 17.5;
				LOCALIZATION_PREFERS_STRING_CATALOGS = YES;
				MTL_ENABLE_DEBUG_INFO = NO;
				MTL_FAST_MATH = YES;
				SDKROOT = iphoneos;
				SWIFT_COMPILATION_MODE = wholemodule;
				VALIDATE_PRODUCT = YES;
			};
			name = Release;
		};
		B6B5D0BE2C580FD700D2FA37 /* Debug */ = {
			isa = XCBuildConfiguration;
			buildSettings = {
				ASSETCATALOG_COMPILER_APPICON_NAME = AppIcon;
				ASSETCATALOG_COMPILER_GLOBAL_ACCENT_COLOR_NAME = AccentColor;
				CODE_SIGN_STYLE = Automatic;
				CURRENT_PROJECT_VERSION = 1;
				DEVELOPMENT_ASSET_PATHS = "\"VideoEditor/Preview Content\"";
				DEVELOPMENT_TEAM = 7BAQN6N7FK;
				ENABLE_PREVIEWS = YES;
				GENERATE_INFOPLIST_FILE = YES;
				INFOPLIST_KEY_UIApplicationSceneManifest_Generation = YES;
				INFOPLIST_KEY_UIApplicationSupportsIndirectInputEvents = YES;
				INFOPLIST_KEY_UILaunchScreen_Generation = YES;
				INFOPLIST_KEY_UISupportedInterfaceOrientations_iPad = "UIInterfaceOrientationPortrait UIInterfaceOrientationPortraitUpsideDown UIInterfaceOrientationLandscapeLeft UIInterfaceOrientationLandscapeRight";
				INFOPLIST_KEY_UISupportedInterfaceOrientations_iPhone = "UIInterfaceOrientationPortrait UIInterfaceOrientationLandscapeLeft UIInterfaceOrientationLandscapeRight";
				IPHONEOS_DEPLOYMENT_TARGET = 17.0;
				LD_RUNPATH_SEARCH_PATHS = (
					"$(inherited)",
					"@executable_path/Frameworks",
				);
				MARKETING_VERSION = 1.0;
				PRODUCT_BUNDLE_IDENTIFIER = yangxueya.VideoEditor;
				PRODUCT_NAME = "$(TARGET_NAME)";
				SWIFT_EMIT_LOC_STRINGS = YES;
				SWIFT_VERSION = 5.0;
				TARGETED_DEVICE_FAMILY = "1,2";
			};
			name = Debug;
		};
		B6B5D0BF2C580FD700D2FA37 /* Release */ = {
			isa = XCBuildConfiguration;
			buildSettings = {
				ASSETCATALOG_COMPILER_APPICON_NAME = AppIcon;
				ASSETCATALOG_COMPILER_GLOBAL_ACCENT_COLOR_NAME = AccentColor;
				CODE_SIGN_STYLE = Automatic;
				CURRENT_PROJECT_VERSION = 1;
				DEVELOPMENT_ASSET_PATHS = "\"VideoEditor/Preview Content\"";
				DEVELOPMENT_TEAM = 7BAQN6N7FK;
				ENABLE_PREVIEWS = YES;
				GENERATE_INFOPLIST_FILE = YES;
				INFOPLIST_KEY_UIApplicationSceneManifest_Generation = YES;
				INFOPLIST_KEY_UIApplicationSupportsIndirectInputEvents = YES;
				INFOPLIST_KEY_UILaunchScreen_Generation = YES;
				INFOPLIST_KEY_UISupportedInterfaceOrientations_iPad = "UIInterfaceOrientationPortrait UIInterfaceOrientationPortraitUpsideDown UIInterfaceOrientationLandscapeLeft UIInterfaceOrientationLandscapeRight";
				INFOPLIST_KEY_UISupportedInterfaceOrientations_iPhone = "UIInterfaceOrientationPortrait UIInterfaceOrientationLandscapeLeft UIInterfaceOrientationLandscapeRight";
				IPHONEOS_DEPLOYMENT_TARGET = 17.0;
				LD_RUNPATH_SEARCH_PATHS = (
					"$(inherited)",
					"@executable_path/Frameworks",
				);
				MARKETING_VERSION = 1.0;
				PRODUCT_BUNDLE_IDENTIFIER = yangxueya.VideoEditor;
				PRODUCT_NAME = "$(TARGET_NAME)";
				SWIFT_EMIT_LOC_STRINGS = YES;
				SWIFT_VERSION = 5.0;
				TARGETED_DEVICE_FAMILY = "1,2";
			};
			name = Release;
		};
		B6B5D0C12C580FD700D2FA37 /* Debug */ = {
			isa = XCBuildConfiguration;
			buildSettings = {
				ALWAYS_EMBED_SWIFT_STANDARD_LIBRARIES = YES;
				BUNDLE_LOADER = "$(TEST_HOST)";
				CODE_SIGN_STYLE = Automatic;
				CURRENT_PROJECT_VERSION = 1;
				DEVELOPMENT_TEAM = 8N5XM3EBGN;
				GENERATE_INFOPLIST_FILE = YES;
				IPHONEOS_DEPLOYMENT_TARGET = 17.0;
				MARKETING_VERSION = 1.0;
				PRODUCT_BUNDLE_IDENTIFIER = yangxueya.VideoEditorTests;
				PRODUCT_NAME = "$(TARGET_NAME)";
				SWIFT_EMIT_LOC_STRINGS = NO;
				SWIFT_VERSION = 5.0;
				TARGETED_DEVICE_FAMILY = "1,2";
				TEST_HOST = "$(BUILT_PRODUCTS_DIR)/VideoEditor.app/$(BUNDLE_EXECUTABLE_FOLDER_PATH)/VideoEditor";
			};
			name = Debug;
		};
		B6B5D0C22C580FD700D2FA37 /* Release */ = {
			isa = XCBuildConfiguration;
			buildSettings = {
				ALWAYS_EMBED_SWIFT_STANDARD_LIBRARIES = YES;
				BUNDLE_LOADER = "$(TEST_HOST)";
				CODE_SIGN_STYLE = Automatic;
				CURRENT_PROJECT_VERSION = 1;
				DEVELOPMENT_TEAM = 8N5XM3EBGN;
				GENERATE_INFOPLIST_FILE = YES;
				IPHONEOS_DEPLOYMENT_TARGET = 17.0;
				MARKETING_VERSION = 1.0;
				PRODUCT_BUNDLE_IDENTIFIER = yangxueya.VideoEditorTests;
				PRODUCT_NAME = "$(TARGET_NAME)";
				SWIFT_EMIT_LOC_STRINGS = NO;
				SWIFT_VERSION = 5.0;
				TARGETED_DEVICE_FAMILY = "1,2";
				TEST_HOST = "$(BUILT_PRODUCTS_DIR)/VideoEditor.app/$(BUNDLE_EXECUTABLE_FOLDER_PATH)/VideoEditor";
			};
			name = Release;
		};
		B6B5D0C42C580FD700D2FA37 /* Debug */ = {
			isa = XCBuildConfiguration;
			buildSettings = {
				ALWAYS_EMBED_SWIFT_STANDARD_LIBRARIES = YES;
				CODE_SIGN_STYLE = Automatic;
				CURRENT_PROJECT_VERSION = 1;
				DEVELOPMENT_TEAM = 7BAQN6N7FK;
				GENERATE_INFOPLIST_FILE = YES;
				IPHONEOS_DEPLOYMENT_TARGET = 17.0;
				MARKETING_VERSION = 1.0;
				PRODUCT_BUNDLE_IDENTIFIER = yangxueya.VideoEditorUITests;
				PRODUCT_NAME = "$(TARGET_NAME)";
				SWIFT_EMIT_LOC_STRINGS = NO;
				SWIFT_VERSION = 5.0;
				TARGETED_DEVICE_FAMILY = "1,2";
				TEST_TARGET_NAME = VideoEditor;
			};
			name = Debug;
		};
		B6B5D0C52C580FD700D2FA37 /* Release */ = {
			isa = XCBuildConfiguration;
			buildSettings = {
				ALWAYS_EMBED_SWIFT_STANDARD_LIBRARIES = YES;
				CODE_SIGN_STYLE = Automatic;
				CURRENT_PROJECT_VERSION = 1;
				DEVELOPMENT_TEAM = 7BAQN6N7FK;
				GENERATE_INFOPLIST_FILE = YES;
				IPHONEOS_DEPLOYMENT_TARGET = 17.0;
				MARKETING_VERSION = 1.0;
				PRODUCT_BUNDLE_IDENTIFIER = yangxueya.VideoEditorUITests;
				PRODUCT_NAME = "$(TARGET_NAME)";
				SWIFT_EMIT_LOC_STRINGS = NO;
				SWIFT_VERSION = 5.0;
				TARGETED_DEVICE_FAMILY = "1,2";
				TEST_TARGET_NAME = VideoEditor;
			};
			name = Release;
		};
/* End XCBuildConfiguration section */

/* Begin XCConfigurationList section */
		B6B5D0922C580FD600D2FA37 /* Build configuration list for PBXProject "VideoEditor" */ = {
			isa = XCConfigurationList;
			buildConfigurations = (
				B6B5D0BB2C580FD700D2FA37 /* Debug */,
				B6B5D0BC2C580FD700D2FA37 /* Release */,
			);
			defaultConfigurationIsVisible = 0;
			defaultConfigurationName = Release;
		};
		B6B5D0BD2C580FD700D2FA37 /* Build configuration list for PBXNativeTarget "VideoEditor" */ = {
			isa = XCConfigurationList;
			buildConfigurations = (
				B6B5D0BE2C580FD700D2FA37 /* Debug */,
				B6B5D0BF2C580FD700D2FA37 /* Release */,
			);
			defaultConfigurationIsVisible = 0;
			defaultConfigurationName = Release;
		};
		B6B5D0C02C580FD700D2FA37 /* Build configuration list for PBXNativeTarget "VideoEditorTests" */ = {
			isa = XCConfigurationList;
			buildConfigurations = (
				B6B5D0C12C580FD700D2FA37 /* Debug */,
				B6B5D0C22C580FD700D2FA37 /* Release */,
			);
			defaultConfigurationIsVisible = 0;
			defaultConfigurationName = Release;
		};
		B6B5D0C32C580FD700D2FA37 /* Build configuration list for PBXNativeTarget "VideoEditorUITests" */ = {
			isa = XCConfigurationList;
			buildConfigurations = (
				B6B5D0C42C580FD700D2FA37 /* Debug */,
				B6B5D0C52C580FD700D2FA37 /* Release */,
			);
			defaultConfigurationIsVisible = 0;
			defaultConfigurationName = Release;
		};
/* End XCConfigurationList section */

/* Begin XCRemoteSwiftPackageReference section */
		B6EE590F2C7D3D06006E66B4 /* XCRemoteSwiftPackageReference "SwiftyJSON" */ = {
			isa = XCRemoteSwiftPackageReference;
			repositoryURL = "https://github.com/SwiftyJSON/SwiftyJSON.git";
			requirement = {
				kind = upToNextMajorVersion;
				minimumVersion = 5.0.2;
			};
		};
/* End XCRemoteSwiftPackageReference section */

/* Begin XCSwiftPackageProductDependency section */
		B6EE59112C7D4333006E66B4 /* SwiftyJSON */ = {
			isa = XCSwiftPackageProductDependency;
			package = B6EE590F2C7D3D06006E66B4 /* XCRemoteSwiftPackageReference "SwiftyJSON" */;
			productName = SwiftyJSON;
		};
		B6EE59132C7D4398006E66B4 /* SwiftyJSON */ = {
			isa = XCSwiftPackageProductDependency;
			package = B6EE590F2C7D3D06006E66B4 /* XCRemoteSwiftPackageReference "SwiftyJSON" */;
			productName = SwiftyJSON;
		};
		B6EE59152C7D43AD006E66B4 /* SwiftyJSON */ = {
			isa = XCSwiftPackageProductDependency;
			package = B6EE590F2C7D3D06006E66B4 /* XCRemoteSwiftPackageReference "SwiftyJSON" */;
			productName = SwiftyJSON;
		};
/* End XCSwiftPackageProductDependency section */
	};
	rootObject = B6B5D08F2C580FD600D2FA37 /* Project object */;
}
