{
  "originHash" : "37bb4f781d058eede70a5dcc1c63076a014a5dd8dd7b2687568e81a5313bfa67",
  "pins" : [
    {
      "identity" : "sdwebimage",
      "kind" : "remoteSourceControl",
      "location" : "https://github.com/SDWebImage/SDWebImage",
      "state" : {
        "revision" : "10d06f6a33bafae8c164fbfd1f03391f6d4692b3",
        "version" : "5.20.0"
      }
    },
    {
      "identity" : "swiftyjson",
      "kind" : "remoteSourceControl",
      "location" : "https://github.com/SwiftyJSON/SwiftyJSON.git",
      "state" : {
        "revision" : "af76cf3ef710b6ca5f8c05f3a31307d44a3c5828",
        "version" : "5.0.2"
      }
    },
    {
      "identity" : "videoplayercontainer",
      "kind" : "remoteSourceControl",
      "location" : "https://github.com/shayanbo/VideoPlayerContainer.git",
      "state" : {
        "revision" : "67a89211d919b0a65bc447915fdb8dbe105b5a6b",
        "version" : "1.0.1"
      }
    }
  ],
  "version" : 3
}
